
Microsoft Visual Studio Solution File, Format Version 12.00
# Visual Studio 15
VisualStudioVersion = 15.0.25807.0
MinimumVisualStudioVersion = 10.0.40219.1
Project("{2150E333-8FDC-42A3-9474-1A3956D46DE8}") = "Engine", "Engine", "{C1C71D25-C331-43BF-890A-6B28D8A77481}"
EndProject
Project("{2150E333-8FDC-42A3-9474-1A3956D46DE8}") = "Games", "Games", "{1B7F3C66-330F-44B4-84BE-CD0F07796642}"
EndProject
Project("{8BC9CEB8-8B4A-11D0-8D11-00A0C91BC942}") = "UE4", "Intermediate\ProjectFiles\UE4.vcxproj", "{05093B87-21D4-42DD-820E-5B044AA15EEB}"
EndProject
Project("{8BC9CEB8-8B4A-11D0-8D11-00A0C91BC942}") = "SundownPrototype", "Intermediate\ProjectFiles\SundownPrototype.vcxproj", "{AC9D5CFD-5DC6-4B11-A3D9-1AF8C9575A53}"
EndProject
Global
	GlobalSection(SolutionConfigurationPlatforms) = preSolution
		DebugGame Editor|HTML5 = DebugGame Editor|HTML5
		DebugGame Editor|Win32 = DebugGame Editor|Win32
		DebugGame Editor|Win64 = DebugGame Editor|Win64
		DebugGame|HTML5 = DebugGame|HTML5
		DebugGame|Win32 = DebugGame|Win32
		DebugGame|Win64 = DebugGame|Win64
		Development Editor|HTML5 = Development Editor|HTML5
		Development Editor|Win32 = Development Editor|Win32
		Development Editor|Win64 = Development Editor|Win64
		Development|HTML5 = Development|HTML5
		Development|Win32 = Development|Win32
		Development|Win64 = Development|Win64
		Shipping|HTML5 = Shipping|HTML5
		Shipping|Win32 = Shipping|Win32
		Shipping|Win64 = Shipping|Win64
	EndGlobalSection
	GlobalSection(ProjectConfigurationPlatforms) = postSolution
		{05093B87-21D4-42DD-820E-5B044AA15EEB}.DebugGame Editor|HTML5.ActiveCfg = BuiltWithUnrealBuildTool|Win32
		{05093B87-21D4-42DD-820E-5B044AA15EEB}.DebugGame Editor|HTML5.Build.0 = BuiltWithUnrealBuildTool|Win32
		{05093B87-21D4-42DD-820E-5B044AA15EEB}.DebugGame Editor|Win32.ActiveCfg = BuiltWithUnrealBuildTool|Win32
		{05093B87-21D4-42DD-820E-5B044AA15EEB}.DebugGame Editor|Win32.Build.0 = BuiltWithUnrealBuildTool|Win32
		{05093B87-21D4-42DD-820E-5B044AA15EEB}.DebugGame Editor|Win64.ActiveCfg = BuiltWithUnrealBuildTool|Win32
		{05093B87-21D4-42DD-820E-5B044AA15EEB}.DebugGame Editor|Win64.Build.0 = BuiltWithUnrealBuildTool|Win32
		{05093B87-21D4-42DD-820E-5B044AA15EEB}.DebugGame|HTML5.ActiveCfg = BuiltWithUnrealBuildTool|Win32
		{05093B87-21D4-42DD-820E-5B044AA15EEB}.DebugGame|HTML5.Build.0 = BuiltWithUnrealBuildTool|Win32
		{05093B87-21D4-42DD-820E-5B044AA15EEB}.DebugGame|Win32.ActiveCfg = BuiltWithUnrealBuildTool|Win32
		{05093B87-21D4-42DD-820E-5B044AA15EEB}.DebugGame|Win32.Build.0 = BuiltWithUnrealBuildTool|Win32
		{05093B87-21D4-42DD-820E-5B044AA15EEB}.DebugGame|Win64.ActiveCfg = BuiltWithUnrealBuildTool|Win32
		{05093B87-21D4-42DD-820E-5B044AA15EEB}.DebugGame|Win64.Build.0 = BuiltWithUnrealBuildTool|Win32
		{05093B87-21D4-42DD-820E-5B044AA15EEB}.Development Editor|HTML5.ActiveCfg = BuiltWithUnrealBuildTool|Win32
		{05093B87-21D4-42DD-820E-5B044AA15EEB}.Development Editor|HTML5.Build.0 = BuiltWithUnrealBuildTool|Win32
		{05093B87-21D4-42DD-820E-5B044AA15EEB}.Development Editor|Win32.ActiveCfg = BuiltWithUnrealBuildTool|Win32
		{05093B87-21D4-42DD-820E-5B044AA15EEB}.Development Editor|Win32.Build.0 = BuiltWithUnrealBuildTool|Win32
		{05093B87-21D4-42DD-820E-5B044AA15EEB}.Development Editor|Win64.ActiveCfg = BuiltWithUnrealBuildTool|Win32
		{05093B87-21D4-42DD-820E-5B044AA15EEB}.Development Editor|Win64.Build.0 = BuiltWithUnrealBuildTool|Win32
		{05093B87-21D4-42DD-820E-5B044AA15EEB}.Development|HTML5.ActiveCfg = BuiltWithUnrealBuildTool|Win32
		{05093B87-21D4-42DD-820E-5B044AA15EEB}.Development|HTML5.Build.0 = BuiltWithUnrealBuildTool|Win32
		{05093B87-21D4-42DD-820E-5B044AA15EEB}.Development|Win32.ActiveCfg = BuiltWithUnrealBuildTool|Win32
		{05093B87-21D4-42DD-820E-5B044AA15EEB}.Development|Win32.Build.0 = BuiltWithUnrealBuildTool|Win32
		{05093B87-21D4-42DD-820E-5B044AA15EEB}.Development|Win64.ActiveCfg = BuiltWithUnrealBuildTool|Win32
		{05093B87-21D4-42DD-820E-5B044AA15EEB}.Development|Win64.Build.0 = BuiltWithUnrealBuildTool|Win32
		{05093B87-21D4-42DD-820E-5B044AA15EEB}.Shipping|HTML5.ActiveCfg = BuiltWithUnrealBuildTool|Win32
		{05093B87-21D4-42DD-820E-5B044AA15EEB}.Shipping|HTML5.Build.0 = BuiltWithUnrealBuildTool|Win32
		{05093B87-21D4-42DD-820E-5B044AA15EEB}.Shipping|Win32.ActiveCfg = BuiltWithUnrealBuildTool|Win32
		{05093B87-21D4-42DD-820E-5B044AA15EEB}.Shipping|Win32.Build.0 = BuiltWithUnrealBuildTool|Win32
		{05093B87-21D4-42DD-820E-5B044AA15EEB}.Shipping|Win64.ActiveCfg = BuiltWithUnrealBuildTool|Win32
		{05093B87-21D4-42DD-820E-5B044AA15EEB}.Shipping|Win64.Build.0 = BuiltWithUnrealBuildTool|Win32
		{AC9D5CFD-5DC6-4B11-A3D9-1AF8C9575A53}.DebugGame Editor|HTML5.ActiveCfg = HTML5_DebugGame_Editor|Win32
		{AC9D5CFD-5DC6-4B11-A3D9-1AF8C9575A53}.DebugGame Editor|Win32.ActiveCfg = DebugGame_Editor|Win32
		{AC9D5CFD-5DC6-4B11-A3D9-1AF8C9575A53}.DebugGame Editor|Win64.ActiveCfg = DebugGame_Editor|x64
		{AC9D5CFD-5DC6-4B11-A3D9-1AF8C9575A53}.DebugGame Editor|Win64.Build.0 = DebugGame_Editor|x64
		{AC9D5CFD-5DC6-4B11-A3D9-1AF8C9575A53}.DebugGame|HTML5.ActiveCfg = HTML5_DebugGame_Game|Win32
		{AC9D5CFD-5DC6-4B11-A3D9-1AF8C9575A53}.DebugGame|HTML5.Build.0 = HTML5_DebugGame_Game|Win32
		{AC9D5CFD-5DC6-4B11-A3D9-1AF8C9575A53}.DebugGame|Win32.ActiveCfg = DebugGame_Game|Win32
		{AC9D5CFD-5DC6-4B11-A3D9-1AF8C9575A53}.DebugGame|Win32.Build.0 = DebugGame_Game|Win32
		{AC9D5CFD-5DC6-4B11-A3D9-1AF8C9575A53}.DebugGame|Win64.ActiveCfg = DebugGame_Game|x64
		{AC9D5CFD-5DC6-4B11-A3D9-1AF8C9575A53}.DebugGame|Win64.Build.0 = DebugGame_Game|x64
		{AC9D5CFD-5DC6-4B11-A3D9-1AF8C9575A53}.Development Editor|HTML5.ActiveCfg = HTML5_Development_Editor|Win32
		{AC9D5CFD-5DC6-4B11-A3D9-1AF8C9575A53}.Development Editor|Win32.ActiveCfg = Development_Editor|Win32
		{AC9D5CFD-5DC6-4B11-A3D9-1AF8C9575A53}.Development Editor|Win64.ActiveCfg = Development_Editor|x64
		{AC9D5CFD-5DC6-4B11-A3D9-1AF8C9575A53}.Development Editor|Win64.Build.0 = Development_Editor|x64
		{AC9D5CFD-5DC6-4B11-A3D9-1AF8C9575A53}.Development|HTML5.ActiveCfg = HTML5_Development_Game|Win32
		{AC9D5CFD-5DC6-4B11-A3D9-1AF8C9575A53}.Development|HTML5.Build.0 = HTML5_Development_Game|Win32
		{AC9D5CFD-5DC6-4B11-A3D9-1AF8C9575A53}.Development|Win32.ActiveCfg = Development_Game|Win32
		{AC9D5CFD-5DC6-4B11-A3D9-1AF8C9575A53}.Development|Win32.Build.0 = Development_Game|Win32
		{AC9D5CFD-5DC6-4B11-A3D9-1AF8C9575A53}.Development|Win64.ActiveCfg = Development_Game|x64
		{AC9D5CFD-5DC6-4B11-A3D9-1AF8C9575A53}.Development|Win64.Build.0 = Development_Game|x64
		{AC9D5CFD-5DC6-4B11-A3D9-1AF8C9575A53}.Shipping|HTML5.ActiveCfg = HTML5_Shipping_Game|Win32
		{AC9D5CFD-5DC6-4B11-A3D9-1AF8C9575A53}.Shipping|HTML5.Build.0 = HTML5_Shipping_Game|Win32
		{AC9D5CFD-5DC6-4B11-A3D9-1AF8C9575A53}.Shipping|Win32.ActiveCfg = Shipping_Game|Win32
		{AC9D5CFD-5DC6-4B11-A3D9-1AF8C9575A53}.Shipping|Win32.Build.0 = Shipping_Game|Win32
		{AC9D5CFD-5DC6-4B11-A3D9-1AF8C9575A53}.Shipping|Win64.ActiveCfg = Shipping_Game|x64
		{AC9D5CFD-5DC6-4B11-A3D9-1AF8C9575A53}.Shipping|Win64.Build.0 = Shipping_Game|x64
	EndGlobalSection
	GlobalSection(SolutionProperties) = preSolution
		HideSolutionNode = FALSE
	EndGlobalSection
	GlobalSection(NestedProjects) = preSolution
		{05093B87-21D4-42DD-820E-5B044AA15EEB} = {C1C71D25-C331-43BF-890A-6B28D8A77481}
		{AC9D5CFD-5DC6-4B11-A3D9-1AF8C9575A53} = {1B7F3C66-330F-44B4-84BE-CD0F07796642}
	EndGlobalSection
	GlobalSection(ExtensibilityGlobals) = postSolution
		SolutionGuid = {DE664311-06EB-433F-A41A-84D312B23EC4}
	EndGlobalSection
EndGlobal
