
Microsoft Visual Studio Solution File, Format Version 12.00
# Visual Studio 15
VisualStudioVersion = 15.0.28307.168
MinimumVisualStudioVersion = 10.0.40219.1
Project("{2150E333-8FDC-42A3-9474-1A3956D46DE8}") = "Engine", "Engine", "{98CFD6FF-2EB0-430A-99AF-49FAD3E36F4F}"
EndProject
Project("{2150E333-8FDC-42A3-9474-1A3956D46DE8}") = "Games", "Games", "{B8F76420-A163-45DB-9D8D-BF59751D1911}"
EndProject
Project("{8BC9CEB8-8B4A-11D0-8D11-00A0C91BC942}") = "UE4", "Intermediate\ProjectFiles\UE4.vcxproj", "{3E408CD8-A080-48BA-ABAC-6B8DA3A633A8}"
EndProject
Project("{8BC9CEB8-8B4A-11D0-8D11-00A0C91BC942}") = "SundownPrototype", "Intermediate\ProjectFiles\SundownPrototype.vcxproj", "{3D2DF547-175B-4C05-92C2-48BEE6C5B6B3}"
EndProject
Global
	GlobalSection(SolutionConfigurationPlatforms) = preSolution
		DebugGame Editor|HTML5 = DebugGame Editor|HTML5
		DebugGame Editor|IOS = DebugGame Editor|IOS
		DebugGame Editor|Win32 = DebugGame Editor|Win32
		DebugGame Editor|Win64 = DebugGame Editor|Win64
		DebugGame|HTML5 = DebugGame|HTML5
		DebugGame|IOS = DebugGame|IOS
		DebugGame|Win32 = DebugGame|Win32
		DebugGame|Win64 = DebugGame|Win64
		Development Editor|HTML5 = Development Editor|HTML5
		Development Editor|IOS = Development Editor|IOS
		Development Editor|Win32 = Development Editor|Win32
		Development Editor|Win64 = Development Editor|Win64
		Development|HTML5 = Development|HTML5
		Development|IOS = Development|IOS
		Development|Win32 = Development|Win32
		Development|Win64 = Development|Win64
		Shipping|HTML5 = Shipping|HTML5
		Shipping|IOS = Shipping|IOS
		Shipping|Win32 = Shipping|Win32
		Shipping|Win64 = Shipping|Win64
	EndGlobalSection
	GlobalSection(ProjectConfigurationPlatforms) = postSolution
		{3E408CD8-A080-48BA-ABAC-6B8DA3A633A8}.DebugGame Editor|HTML5.ActiveCfg = BuiltWithUnrealBuildTool|Win32
		{3E408CD8-A080-48BA-ABAC-6B8DA3A633A8}.DebugGame Editor|HTML5.Build.0 = BuiltWithUnrealBuildTool|Win32
		{3E408CD8-A080-48BA-ABAC-6B8DA3A633A8}.DebugGame Editor|IOS.ActiveCfg = BuiltWithUnrealBuildTool|Win32
		{3E408CD8-A080-48BA-ABAC-6B8DA3A633A8}.DebugGame Editor|IOS.Build.0 = BuiltWithUnrealBuildTool|Win32
		{3E408CD8-A080-48BA-ABAC-6B8DA3A633A8}.DebugGame Editor|Win32.ActiveCfg = BuiltWithUnrealBuildTool|Win32
		{3E408CD8-A080-48BA-ABAC-6B8DA3A633A8}.DebugGame Editor|Win32.Build.0 = BuiltWithUnrealBuildTool|Win32
		{3E408CD8-A080-48BA-ABAC-6B8DA3A633A8}.DebugGame Editor|Win64.ActiveCfg = BuiltWithUnrealBuildTool|Win32
		{3E408CD8-A080-48BA-ABAC-6B8DA3A633A8}.DebugGame Editor|Win64.Build.0 = BuiltWithUnrealBuildTool|Win32
		{3E408CD8-A080-48BA-ABAC-6B8DA3A633A8}.DebugGame|HTML5.ActiveCfg = BuiltWithUnrealBuildTool|Win32
		{3E408CD8-A080-48BA-ABAC-6B8DA3A633A8}.DebugGame|HTML5.Build.0 = BuiltWithUnrealBuildTool|Win32
		{3E408CD8-A080-48BA-ABAC-6B8DA3A633A8}.DebugGame|IOS.ActiveCfg = BuiltWithUnrealBuildTool|Win32
		{3E408CD8-A080-48BA-ABAC-6B8DA3A633A8}.DebugGame|IOS.Build.0 = BuiltWithUnrealBuildTool|Win32
		{3E408CD8-A080-48BA-ABAC-6B8DA3A633A8}.DebugGame|Win32.ActiveCfg = BuiltWithUnrealBuildTool|Win32
		{3E408CD8-A080-48BA-ABAC-6B8DA3A633A8}.DebugGame|Win32.Build.0 = BuiltWithUnrealBuildTool|Win32
		{3E408CD8-A080-48BA-ABAC-6B8DA3A633A8}.DebugGame|Win64.ActiveCfg = BuiltWithUnrealBuildTool|Win32
		{3E408CD8-A080-48BA-ABAC-6B8DA3A633A8}.DebugGame|Win64.Build.0 = BuiltWithUnrealBuildTool|Win32
		{3E408CD8-A080-48BA-ABAC-6B8DA3A633A8}.Development Editor|HTML5.ActiveCfg = BuiltWithUnrealBuildTool|Win32
		{3E408CD8-A080-48BA-ABAC-6B8DA3A633A8}.Development Editor|HTML5.Build.0 = BuiltWithUnrealBuildTool|Win32
		{3E408CD8-A080-48BA-ABAC-6B8DA3A633A8}.Development Editor|IOS.ActiveCfg = BuiltWithUnrealBuildTool|Win32
		{3E408CD8-A080-48BA-ABAC-6B8DA3A633A8}.Development Editor|IOS.Build.0 = BuiltWithUnrealBuildTool|Win32
		{3E408CD8-A080-48BA-ABAC-6B8DA3A633A8}.Development Editor|Win32.ActiveCfg = BuiltWithUnrealBuildTool|Win32
		{3E408CD8-A080-48BA-ABAC-6B8DA3A633A8}.Development Editor|Win32.Build.0 = BuiltWithUnrealBuildTool|Win32
		{3E408CD8-A080-48BA-ABAC-6B8DA3A633A8}.Development Editor|Win64.ActiveCfg = BuiltWithUnrealBuildTool|Win32
		{3E408CD8-A080-48BA-ABAC-6B8DA3A633A8}.Development Editor|Win64.Build.0 = BuiltWithUnrealBuildTool|Win32
		{3E408CD8-A080-48BA-ABAC-6B8DA3A633A8}.Development|HTML5.ActiveCfg = BuiltWithUnrealBuildTool|Win32
		{3E408CD8-A080-48BA-ABAC-6B8DA3A633A8}.Development|HTML5.Build.0 = BuiltWithUnrealBuildTool|Win32
		{3E408CD8-A080-48BA-ABAC-6B8DA3A633A8}.Development|IOS.ActiveCfg = BuiltWithUnrealBuildTool|Win32
		{3E408CD8-A080-48BA-ABAC-6B8DA3A633A8}.Development|IOS.Build.0 = BuiltWithUnrealBuildTool|Win32
		{3E408CD8-A080-48BA-ABAC-6B8DA3A633A8}.Development|Win32.ActiveCfg = BuiltWithUnrealBuildTool|Win32
		{3E408CD8-A080-48BA-ABAC-6B8DA3A633A8}.Development|Win32.Build.0 = BuiltWithUnrealBuildTool|Win32
		{3E408CD8-A080-48BA-ABAC-6B8DA3A633A8}.Development|Win64.ActiveCfg = BuiltWithUnrealBuildTool|Win32
		{3E408CD8-A080-48BA-ABAC-6B8DA3A633A8}.Development|Win64.Build.0 = BuiltWithUnrealBuildTool|Win32
		{3E408CD8-A080-48BA-ABAC-6B8DA3A633A8}.Shipping|HTML5.ActiveCfg = BuiltWithUnrealBuildTool|Win32
		{3E408CD8-A080-48BA-ABAC-6B8DA3A633A8}.Shipping|HTML5.Build.0 = BuiltWithUnrealBuildTool|Win32
		{3E408CD8-A080-48BA-ABAC-6B8DA3A633A8}.Shipping|IOS.ActiveCfg = BuiltWithUnrealBuildTool|Win32
		{3E408CD8-A080-48BA-ABAC-6B8DA3A633A8}.Shipping|IOS.Build.0 = BuiltWithUnrealBuildTool|Win32
		{3E408CD8-A080-48BA-ABAC-6B8DA3A633A8}.Shipping|Win32.ActiveCfg = BuiltWithUnrealBuildTool|Win32
		{3E408CD8-A080-48BA-ABAC-6B8DA3A633A8}.Shipping|Win32.Build.0 = BuiltWithUnrealBuildTool|Win32
		{3E408CD8-A080-48BA-ABAC-6B8DA3A633A8}.Shipping|Win64.ActiveCfg = BuiltWithUnrealBuildTool|Win32
		{3E408CD8-A080-48BA-ABAC-6B8DA3A633A8}.Shipping|Win64.Build.0 = BuiltWithUnrealBuildTool|Win32
		{3D2DF547-175B-4C05-92C2-48BEE6C5B6B3}.DebugGame Editor|HTML5.ActiveCfg = HTML5_DebugGame_Editor|Win32
		{3D2DF547-175B-4C05-92C2-48BEE6C5B6B3}.DebugGame Editor|IOS.ActiveCfg = HTML5_Shipping_Game|x64
		{3D2DF547-175B-4C05-92C2-48BEE6C5B6B3}.DebugGame Editor|IOS.Build.0 = HTML5_Shipping_Game|x64
		{3D2DF547-175B-4C05-92C2-48BEE6C5B6B3}.DebugGame Editor|Win32.ActiveCfg = DebugGame_Editor|Win32
		{3D2DF547-175B-4C05-92C2-48BEE6C5B6B3}.DebugGame Editor|Win64.ActiveCfg = DebugGame_Editor|x64
		{3D2DF547-175B-4C05-92C2-48BEE6C5B6B3}.DebugGame Editor|Win64.Build.0 = DebugGame_Editor|x64
		{3D2DF547-175B-4C05-92C2-48BEE6C5B6B3}.DebugGame|HTML5.ActiveCfg = HTML5_DebugGame_Game|Win32
		{3D2DF547-175B-4C05-92C2-48BEE6C5B6B3}.DebugGame|HTML5.Build.0 = HTML5_DebugGame_Game|Win32
		{3D2DF547-175B-4C05-92C2-48BEE6C5B6B3}.DebugGame|IOS.ActiveCfg = HTML5_Shipping_Game|x64
		{3D2DF547-175B-4C05-92C2-48BEE6C5B6B3}.DebugGame|IOS.Build.0 = HTML5_Shipping_Game|x64
		{3D2DF547-175B-4C05-92C2-48BEE6C5B6B3}.DebugGame|Win32.ActiveCfg = DebugGame_Game|Win32
		{3D2DF547-175B-4C05-92C2-48BEE6C5B6B3}.DebugGame|Win32.Build.0 = DebugGame_Game|Win32
		{3D2DF547-175B-4C05-92C2-48BEE6C5B6B3}.DebugGame|Win64.ActiveCfg = DebugGame_Game|x64
		{3D2DF547-175B-4C05-92C2-48BEE6C5B6B3}.DebugGame|Win64.Build.0 = DebugGame_Game|x64
		{3D2DF547-175B-4C05-92C2-48BEE6C5B6B3}.Development Editor|HTML5.ActiveCfg = HTML5_Development_Editor|Win32
		{3D2DF547-175B-4C05-92C2-48BEE6C5B6B3}.Development Editor|IOS.ActiveCfg = HTML5_Shipping_Game|x64
		{3D2DF547-175B-4C05-92C2-48BEE6C5B6B3}.Development Editor|IOS.Build.0 = HTML5_Shipping_Game|x64
		{3D2DF547-175B-4C05-92C2-48BEE6C5B6B3}.Development Editor|Win32.ActiveCfg = Development_Editor|Win32
		{3D2DF547-175B-4C05-92C2-48BEE6C5B6B3}.Development Editor|Win64.ActiveCfg = Development_Editor|x64
		{3D2DF547-175B-4C05-92C2-48BEE6C5B6B3}.Development Editor|Win64.Build.0 = Development_Editor|x64
		{3D2DF547-175B-4C05-92C2-48BEE6C5B6B3}.Development|HTML5.ActiveCfg = HTML5_Development_Game|Win32
		{3D2DF547-175B-4C05-92C2-48BEE6C5B6B3}.Development|HTML5.Build.0 = HTML5_Development_Game|Win32
		{3D2DF547-175B-4C05-92C2-48BEE6C5B6B3}.Development|IOS.ActiveCfg = HTML5_Shipping_Game|x64
		{3D2DF547-175B-4C05-92C2-48BEE6C5B6B3}.Development|IOS.Build.0 = HTML5_Shipping_Game|x64
		{3D2DF547-175B-4C05-92C2-48BEE6C5B6B3}.Development|Win32.ActiveCfg = Development_Game|Win32
		{3D2DF547-175B-4C05-92C2-48BEE6C5B6B3}.Development|Win32.Build.0 = Development_Game|Win32
		{3D2DF547-175B-4C05-92C2-48BEE6C5B6B3}.Development|Win64.ActiveCfg = Development_Game|x64
		{3D2DF547-175B-4C05-92C2-48BEE6C5B6B3}.Development|Win64.Build.0 = Development_Game|x64
		{3D2DF547-175B-4C05-92C2-48BEE6C5B6B3}.Shipping|HTML5.ActiveCfg = HTML5_Shipping_Game|Win32
		{3D2DF547-175B-4C05-92C2-48BEE6C5B6B3}.Shipping|HTML5.Build.0 = HTML5_Shipping_Game|Win32
		{3D2DF547-175B-4C05-92C2-48BEE6C5B6B3}.Shipping|IOS.ActiveCfg = HTML5_Shipping_Game|x64
		{3D2DF547-175B-4C05-92C2-48BEE6C5B6B3}.Shipping|IOS.Build.0 = HTML5_Shipping_Game|x64
		{3D2DF547-175B-4C05-92C2-48BEE6C5B6B3}.Shipping|Win32.ActiveCfg = Shipping_Game|Win32
		{3D2DF547-175B-4C05-92C2-48BEE6C5B6B3}.Shipping|Win32.Build.0 = Shipping_Game|Win32
		{3D2DF547-175B-4C05-92C2-48BEE6C5B6B3}.Shipping|Win64.ActiveCfg = Shipping_Game|x64
		{3D2DF547-175B-4C05-92C2-48BEE6C5B6B3}.Shipping|Win64.Build.0 = Shipping_Game|x64
	EndGlobalSection
	GlobalSection(SolutionProperties) = preSolution
		HideSolutionNode = FALSE
	EndGlobalSection
	GlobalSection(NestedProjects) = preSolution
		{3E408CD8-A080-48BA-ABAC-6B8DA3A633A8} = {98CFD6FF-2EB0-430A-99AF-49FAD3E36F4F}
		{3D2DF547-175B-4C05-92C2-48BEE6C5B6B3} = {B8F76420-A163-45DB-9D8D-BF59751D1911}
	EndGlobalSection
	GlobalSection(ExtensibilityGlobals) = postSolution
		SolutionGuid = {5E8B12B4-806A-4998-86A3-23723C35972D}
	EndGlobalSection
EndGlobal
